
Microsoft Visual Studio Solution File, Format Version 12.00
# Visual Studio 14
VisualStudioVersion = 14.0.23107.0
MinimumVisualStudioVersion = 10.0.40219.1
Project("{FAE04EC0-301F-11D3-BF4B-00C04F79EFBC}") = "StudentsScoreManagement", "StudentsScoreManagement\StudentsScoreManagement.csproj", "{72C49800-B59C-4501-BD46-46C27D54D46F}"
EndProject
Project("{FAE04EC0-301F-11D3-BF4B-00C04F79EFBC}") = "GitWebApiTest", "GitWebApiTest\GitWebApiTest.csproj", "{688090F9-5AB1-4AE9-8E74-24D444BA585D}"
EndProject
Global
	GlobalSection(SolutionConfigurationPlatforms) = preSolution
		Debug|Any CPU = Debug|Any CPU
		Release|Any CPU = Release|Any CPU
	EndGlobalSection
	GlobalSection(ProjectConfigurationPlatforms) = postSolution
		{72C49800-B59C-4501-BD46-46C27D54D46F}.Debug|Any CPU.ActiveCfg = Debug|Any CPU
		{72C49800-B59C-4501-BD46-46C27D54D46F}.Debug|Any CPU.Build.0 = Debug|Any CPU
		{72C49800-B59C-4501-BD46-46C27D54D46F}.Release|Any CPU.ActiveCfg = Release|Any CPU
		{72C49800-B59C-4501-BD46-46C27D54D46F}.Release|Any CPU.Build.0 = Release|Any CPU
		{688090F9-5AB1-4AE9-8E74-24D444BA585D}.Debug|Any CPU.ActiveCfg = Debug|Any CPU
		{688090F9-5AB1-4AE9-8E74-24D444BA585D}.Debug|Any CPU.Build.0 = Debug|Any CPU
		{688090F9-5AB1-4AE9-8E74-24D444BA585D}.Release|Any CPU.ActiveCfg = Release|Any CPU
		{688090F9-5AB1-4AE9-8E74-24D444BA585D}.Release|Any CPU.Build.0 = Release|Any CPU
	EndGlobalSection
	GlobalSection(SolutionProperties) = preSolution
		HideSolutionNode = FALSE
	EndGlobalSection
EndGlobal
